
Microsoft Visual Studio Solution File, Format Version 12.00
# Visual Studio Version 16
VisualStudioVersion = 16.0.30330.147
MinimumVisualStudioVersion = 10.0.40219.1
Project("{FAE04EC0-301F-11D3-BF4B-00C04F79EFBC}") = "Richter.MutationTest", "Richter.MutationTest\Richter.MutationTest.csproj", "{A35C51CA-89E4-4D73-B919-BD946BA80ABC}"
EndProject
Project("{FAE04EC0-301F-11D3-BF4B-00C04F79EFBC}") = "Tests", "Tests\Tests.csproj", "{CBB13E8F-4D93-459C-9C29-5E3EE7FF8D0C}"
EndProject
Global
	GlobalSection(SolutionConfigurationPlatforms) = preSolution
		Debug|Any CPU = Debug|Any CPU
		Release|Any CPU = Release|Any CPU
	EndGlobalSection
	GlobalSection(ProjectConfigurationPlatforms) = postSolution
		{A35C51CA-89E4-4D73-B919-BD946BA80ABC}.Debug|Any CPU.ActiveCfg = Debug|Any CPU
		{A35C51CA-89E4-4D73-B919-BD946BA80ABC}.Debug|Any CPU.Build.0 = Debug|Any CPU
		{A35C51CA-89E4-4D73-B919-BD946BA80ABC}.Release|Any CPU.ActiveCfg = Release|Any CPU
		{A35C51CA-89E4-4D73-B919-BD946BA80ABC}.Release|Any CPU.Build.0 = Release|Any CPU
		{CBB13E8F-4D93-459C-9C29-5E3EE7FF8D0C}.Debug|Any CPU.ActiveCfg = Debug|Any CPU
		{CBB13E8F-4D93-459C-9C29-5E3EE7FF8D0C}.Debug|Any CPU.Build.0 = Debug|Any CPU
		{CBB13E8F-4D93-459C-9C29-5E3EE7FF8D0C}.Release|Any CPU.ActiveCfg = Release|Any CPU
		{CBB13E8F-4D93-459C-9C29-5E3EE7FF8D0C}.Release|Any CPU.Build.0 = Release|Any CPU
	EndGlobalSection
	GlobalSection(SolutionProperties) = preSolution
		HideSolutionNode = FALSE
	EndGlobalSection
	GlobalSection(ExtensibilityGlobals) = postSolution
		SolutionGuid = {6CD06967-B973-4AB9-9C2F-86A3777006C6}
	EndGlobalSection
EndGlobal
